// !$*UTF8*$!
{
	archiveVersion = 1;
	classes = {
	};
	objectVersion = 56;
	objects = {

/* Begin PBXBuildFile section */
		916BE83D2CFB78AF00E4E49A /* AppDelegate.swift in Sources */ = {isa = PBXBuildFile; fileRef = 916BE83C2CFB78AF00E4E49A /* AppDelegate.swift */; };
		916BE83F2CFB78AF00E4E49A /* SceneDelegate.swift in Sources */ = {isa = PBXBuildFile; fileRef = 916BE83E2CFB78AF00E4E49A /* SceneDelegate.swift */; };
		916BE8412CFB78B000E4E49A /* CharactersListViewController.swift in Sources */ = {isa = PBXBuildFile; fileRef = 916BE8402CFB78B000E4E49A /* CharactersListViewController.swift */; };
		916BE8442CFB78B000E4E49A /* Base in Resources */ = {isa = PBXBuildFile; fileRef = 916BE8432CFB78B000E4E49A /* Base */; };
		916BE8462CFB78B100E4E49A /* Assets.xcassets in Resources */ = {isa = PBXBuildFile; fileRef = 916BE8452CFB78B100E4E49A /* Assets.xcassets */; };
		916BE8492CFB78B100E4E49A /* Base in Resources */ = {isa = PBXBuildFile; fileRef = 916BE8482CFB78B100E4E49A /* Base */; };
		916BE8542CFB78B200E4E49A /* MVC1Tests.swift in Sources */ = {isa = PBXBuildFile; fileRef = 916BE8532CFB78B200E4E49A /* MVC1Tests.swift */; };
		916BE85E2CFB78B200E4E49A /* MVC1UITests.swift in Sources */ = {isa = PBXBuildFile; fileRef = 916BE85D2CFB78B200E4E49A /* MVC1UITests.swift */; };
		916BE8602CFB78B200E4E49A /* MVC1UITestsLaunchTests.swift in Sources */ = {isa = PBXBuildFile; fileRef = 916BE85F2CFB78B200E4E49A /* MVC1UITestsLaunchTests.swift */; };
		916BE8702CFB8EC200E4E49A /* ApiClient.swift in Sources */ = {isa = PBXBuildFile; fileRef = 916BE86F2CFB8EC200E4E49A /* ApiClient.swift */; };
		916BE8722CFB907000E4E49A /* CharacterModelResponse.swift in Sources */ = {isa = PBXBuildFile; fileRef = 916BE8712CFB907000E4E49A /* CharacterModelResponse.swift */; };
		916BE8742CFB90BE00E4E49A /* CharacterModel.swift in Sources */ = {isa = PBXBuildFile; fileRef = 916BE8732CFB90BE00E4E49A /* CharacterModel.swift */; };
		916BE8762CFB92F200E4E49A /* CharactersListView.swift in Sources */ = {isa = PBXBuildFile; fileRef = 916BE8752CFB92F200E4E49A /* CharactersListView.swift */; };
		916BE8782CFB95AA00E4E49A /* CharacterListCellView.swift in Sources */ = {isa = PBXBuildFile; fileRef = 916BE8772CFB95AA00E4E49A /* CharacterListCellView.swift */; };
		916BE87A2CFBB0BD00E4E49A /* ListOfCharactersTableViewDataSource.swift in Sources */ = {isa = PBXBuildFile; fileRef = 916BE8792CFBB0BD00E4E49A /* ListOfCharactersTableViewDataSource.swift */; };
		916BE8852CFBFB8400E4E49A /* Kingfisher in Frameworks */ = {isa = PBXBuildFile; productRef = 916BE8842CFBFB8400E4E49A /* Kingfisher */; };
		916BE8872CFBFD3600E4E49A /* ListOfCharactersTableViewDelegate.swift in Sources */ = {isa = PBXBuildFile; fileRef = 916BE8862CFBFD3600E4E49A /* ListOfCharactersTableViewDelegate.swift */; };
		916BE88E2CFC003200E4E49A /* CharacterDetailView.swift in Sources */ = {isa = PBXBuildFile; fileRef = 916BE88D2CFC003200E4E49A /* CharacterDetailView.swift */; };
		916BE8902CFC016D00E4E49A /* CharacterDetailViewController.swift in Sources */ = {isa = PBXBuildFile; fileRef = 916BE88F2CFC016D00E4E49A /* CharacterDetailViewController.swift */; };
/* End PBXBuildFile section */

/* Begin PBXContainerItemProxy section */
		916BE8502CFB78B200E4E49A /* PBXContainerItemProxy */ = {
			isa = PBXContainerItemProxy;
			containerPortal = 916BE8312CFB78AF00E4E49A /* Project object */;
			proxyType = 1;
			remoteGlobalIDString = 916BE8382CFB78AF00E4E49A;
			remoteInfo = MVC1;
		};
		916BE85A2CFB78B200E4E49A /* PBXContainerItemProxy */ = {
			isa = PBXContainerItemProxy;
			containerPortal = 916BE8312CFB78AF00E4E49A /* Project object */;
			proxyType = 1;
			remoteGlobalIDString = 916BE8382CFB78AF00E4E49A;
			remoteInfo = MVC1;
		};
/* End PBXContainerItemProxy section */

/* Begin PBXFileReference section */
		916BE8392CFB78AF00E4E49A /* MVC1.app */ = {isa = PBXFileReference; explicitFileType = wrapper.application; includeInIndex = 0; path = MVC1.app; sourceTree = BUILT_PRODUCTS_DIR; };
		916BE83C2CFB78AF00E4E49A /* AppDelegate.swift */ = {isa = PBXFileReference; lastKnownFileType = sourcecode.swift; path = AppDelegate.swift; sourceTree = "<group>"; };
		916BE83E2CFB78AF00E4E49A /* SceneDelegate.swift */ = {isa = PBXFileReference; lastKnownFileType = sourcecode.swift; path = SceneDelegate.swift; sourceTree = "<group>"; };
		916BE8402CFB78B000E4E49A /* CharactersListViewController.swift */ = {isa = PBXFileReference; lastKnownFileType = sourcecode.swift; path = CharactersListViewController.swift; sourceTree = "<group>"; };
		916BE8432CFB78B000E4E49A /* Base */ = {isa = PBXFileReference; lastKnownFileType = file.storyboard; name = Base; path = Base.lproj/Main.storyboard; sourceTree = "<group>"; };
		916BE8452CFB78B100E4E49A /* Assets.xcassets */ = {isa = PBXFileReference; lastKnownFileType = folder.assetcatalog; path = Assets.xcassets; sourceTree = "<group>"; };
		916BE8482CFB78B100E4E49A /* Base */ = {isa = PBXFileReference; lastKnownFileType = file.storyboard; name = Base; path = Base.lproj/LaunchScreen.storyboard; sourceTree = "<group>"; };
		916BE84A2CFB78B100E4E49A /* Info.plist */ = {isa = PBXFileReference; lastKnownFileType = text.plist.xml; path = Info.plist; sourceTree = "<group>"; };
		916BE84F2CFB78B200E4E49A /* MVC1Tests.xctest */ = {isa = PBXFileReference; explicitFileType = wrapper.cfbundle; includeInIndex = 0; path = MVC1Tests.xctest; sourceTree = BUILT_PRODUCTS_DIR; };
		916BE8532CFB78B200E4E49A /* MVC1Tests.swift */ = {isa = PBXFileReference; lastKnownFileType = sourcecode.swift; path = MVC1Tests.swift; sourceTree = "<group>"; };
		916BE8592CFB78B200E4E49A /* MVC1UITests.xctest */ = {isa = PBXFileReference; explicitFileType = wrapper.cfbundle; includeInIndex = 0; path = MVC1UITests.xctest; sourceTree = BUILT_PRODUCTS_DIR; };
		916BE85D2CFB78B200E4E49A /* MVC1UITests.swift */ = {isa = PBXFileReference; lastKnownFileType = sourcecode.swift; path = MVC1UITests.swift; sourceTree = "<group>"; };
		916BE85F2CFB78B200E4E49A /* MVC1UITestsLaunchTests.swift */ = {isa = PBXFileReference; lastKnownFileType = sourcecode.swift; path = MVC1UITestsLaunchTests.swift; sourceTree = "<group>"; };
		916BE86F2CFB8EC200E4E49A /* ApiClient.swift */ = {isa = PBXFileReference; lastKnownFileType = sourcecode.swift; path = ApiClient.swift; sourceTree = "<group>"; };
		916BE8712CFB907000E4E49A /* CharacterModelResponse.swift */ = {isa = PBXFileReference; lastKnownFileType = sourcecode.swift; path = CharacterModelResponse.swift; sourceTree = "<group>"; };
		916BE8732CFB90BE00E4E49A /* CharacterModel.swift */ = {isa = PBXFileReference; lastKnownFileType = sourcecode.swift; path = CharacterModel.swift; sourceTree = "<group>"; };
		916BE8752CFB92F200E4E49A /* CharactersListView.swift */ = {isa = PBXFileReference; lastKnownFileType = sourcecode.swift; path = CharactersListView.swift; sourceTree = "<group>"; };
		916BE8772CFB95AA00E4E49A /* CharacterListCellView.swift */ = {isa = PBXFileReference; lastKnownFileType = sourcecode.swift; path = CharacterListCellView.swift; sourceTree = "<group>"; };
		916BE8792CFBB0BD00E4E49A /* ListOfCharactersTableViewDataSource.swift */ = {isa = PBXFileReference; lastKnownFileType = sourcecode.swift; path = ListOfCharactersTableViewDataSource.swift; sourceTree = "<group>"; };
		916BE8862CFBFD3600E4E49A /* ListOfCharactersTableViewDelegate.swift */ = {isa = PBXFileReference; lastKnownFileType = sourcecode.swift; path = ListOfCharactersTableViewDelegate.swift; sourceTree = "<group>"; };
		916BE88D2CFC003200E4E49A /* CharacterDetailView.swift */ = {isa = PBXFileReference; lastKnownFileType = sourcecode.swift; path = CharacterDetailView.swift; sourceTree = "<group>"; };
		916BE88F2CFC016D00E4E49A /* CharacterDetailViewController.swift */ = {isa = PBXFileReference; lastKnownFileType = sourcecode.swift; path = CharacterDetailViewController.swift; sourceTree = "<group>"; };
/* End PBXFileReference section */

/* Begin PBXFrameworksBuildPhase section */
		916BE8362CFB78AF00E4E49A /* Frameworks */ = {
			isa = PBXFrameworksBuildPhase;
			buildActionMask = 2147483647;
			files = (
				916BE8852CFBFB8400E4E49A /* Kingfisher in Frameworks */,
			);
			runOnlyForDeploymentPostprocessing = 0;
		};
		916BE84C2CFB78B200E4E49A /* Frameworks */ = {
			isa = PBXFrameworksBuildPhase;
			buildActionMask = 2147483647;
			files = (
			);
			runOnlyForDeploymentPostprocessing = 0;
		};
		916BE8562CFB78B200E4E49A /* Frameworks */ = {
			isa = PBXFrameworksBuildPhase;
			buildActionMask = 2147483647;
			files = (
			);
			runOnlyForDeploymentPostprocessing = 0;
		};
/* End PBXFrameworksBuildPhase section */

/* Begin PBXGroup section */
		916BE8302CFB78AF00E4E49A = {
			isa = PBXGroup;
			children = (
				916BE83B2CFB78AF00E4E49A /* MVC1 */,
				916BE8522CFB78B200E4E49A /* MVC1Tests */,
				916BE85C2CFB78B200E4E49A /* MVC1UITests */,
				916BE83A2CFB78AF00E4E49A /* Products */,
				916BE8832CFBFB8400E4E49A /* Frameworks */,
			);
			sourceTree = "<group>";
		};
		916BE83A2CFB78AF00E4E49A /* Products */ = {
			isa = PBXGroup;
			children = (
				916BE8392CFB78AF00E4E49A /* MVC1.app */,
				916BE84F2CFB78B200E4E49A /* MVC1Tests.xctest */,
				916BE8592CFB78B200E4E49A /* MVC1UITests.xctest */,
			);
			name = Products;
			sourceTree = "<group>";
		};
		916BE83B2CFB78AF00E4E49A /* MVC1 */ = {
			isa = PBXGroup;
			children = (
				916BE83C2CFB78AF00E4E49A /* AppDelegate.swift */,
				916BE83E2CFB78AF00E4E49A /* SceneDelegate.swift */,
				916BE8892CFBFF9300E4E49A /* CharacterDetail */,
				916BE8882CFBFEE500E4E49A /* ListOfCharacters */,
				916BE8452CFB78B100E4E49A /* Assets.xcassets */,
				916BE8472CFB78B100E4E49A /* LaunchScreen.storyboard */,
				916BE84A2CFB78B100E4E49A /* Info.plist */,
			);
			path = MVC1;
			sourceTree = "<group>";
		};
		916BE8522CFB78B200E4E49A /* MVC1Tests */ = {
			isa = PBXGroup;
			children = (
				916BE8532CFB78B200E4E49A /* MVC1Tests.swift */,
			);
			path = MVC1Tests;
			sourceTree = "<group>";
		};
		916BE85C2CFB78B200E4E49A /* MVC1UITests */ = {
			isa = PBXGroup;
			children = (
				916BE85D2CFB78B200E4E49A /* MVC1UITests.swift */,
				916BE85F2CFB78B200E4E49A /* MVC1UITestsLaunchTests.swift */,
			);
			path = MVC1UITests;
			sourceTree = "<group>";
		};
		916BE86C2CFB8E4300E4E49A /* Model */ = {
			isa = PBXGroup;
			children = (
				916BE86F2CFB8EC200E4E49A /* ApiClient.swift */,
				916BE8712CFB907000E4E49A /* CharacterModelResponse.swift */,
				916BE8732CFB90BE00E4E49A /* CharacterModel.swift */,
			);
			path = Model;
			sourceTree = "<group>";
		};
		916BE86D2CFB8E4B00E4E49A /* View */ = {
			isa = PBXGroup;
			children = (
				916BE8422CFB78B000E4E49A /* Main.storyboard */,
				916BE8752CFB92F200E4E49A /* CharactersListView.swift */,
				916BE8772CFB95AA00E4E49A /* CharacterListCellView.swift */,
			);
			path = View;
			sourceTree = "<group>";
		};
		916BE86E2CFB8E5800E4E49A /* Controller */ = {
			isa = PBXGroup;
			children = (
				916BE8402CFB78B000E4E49A /* CharactersListViewController.swift */,
				916BE8792CFBB0BD00E4E49A /* ListOfCharactersTableViewDataSource.swift */,
				916BE8862CFBFD3600E4E49A /* ListOfCharactersTableViewDelegate.swift */,
			);
			path = Controller;
			sourceTree = "<group>";
		};
		916BE8832CFBFB8400E4E49A /* Frameworks */ = {
			isa = PBXGroup;
			children = (
			);
			name = Frameworks;
			sourceTree = "<group>";
		};
		916BE8882CFBFEE500E4E49A /* ListOfCharacters */ = {
			isa = PBXGroup;
			children = (
				916BE86C2CFB8E4300E4E49A /* Model */,
				916BE86D2CFB8E4B00E4E49A /* View */,
				916BE86E2CFB8E5800E4E49A /* Controller */,
			);
			path = ListOfCharacters;
			sourceTree = "<group>";
		};
		916BE8892CFBFF9300E4E49A /* CharacterDetail */ = {
			isa = PBXGroup;
			children = (
				916BE88A2CFBFFAF00E4E49A /* Model */,
				916BE88B2CFBFFB900E4E49A /* View */,
				916BE88C2CFBFFC300E4E49A /* Controller */,
			);
			path = CharacterDetail;
			sourceTree = "<group>";
		};
		916BE88A2CFBFFAF00E4E49A /* Model */ = {
			isa = PBXGroup;
			children = (
			);
			path = Model;
			sourceTree = "<group>";
		};
		916BE88B2CFBFFB900E4E49A /* View */ = {
			isa = PBXGroup;
			children = (
				916BE88D2CFC003200E4E49A /* CharacterDetailView.swift */,
			);
			path = View;
			sourceTree = "<group>";
		};
		916BE88C2CFBFFC300E4E49A /* Controller */ = {
			isa = PBXGroup;
			children = (
				916BE88F2CFC016D00E4E49A /* CharacterDetailViewController.swift */,
			);
			path = Controller;
			sourceTree = "<group>";
		};
/* End PBXGroup section */

/* Begin PBXNativeTarget section */
		916BE8382CFB78AF00E4E49A /* MVC1 */ = {
			isa = PBXNativeTarget;
			buildConfigurationList = 916BE8632CFB78B200E4E49A /* Build configuration list for PBXNativeTarget "MVC1" */;
			buildPhases = (
				916BE8352CFB78AF00E4E49A /* Sources */,
				916BE8362CFB78AF00E4E49A /* Frameworks */,
				916BE8372CFB78AF00E4E49A /* Resources */,
			);
			buildRules = (
			);
			dependencies = (
			);
			name = MVC1;
			packageProductDependencies = (
				916BE8842CFBFB8400E4E49A /* Kingfisher */,
			);
			productName = MVC1;
			productReference = 916BE8392CFB78AF00E4E49A /* MVC1.app */;
			productType = "com.apple.product-type.application";
		};
		916BE84E2CFB78B200E4E49A /* MVC1Tests */ = {
			isa = PBXNativeTarget;
			buildConfigurationList = 916BE8662CFB78B200E4E49A /* Build configuration list for PBXNativeTarget "MVC1Tests" */;
			buildPhases = (
				916BE84B2CFB78B200E4E49A /* Sources */,
				916BE84C2CFB78B200E4E49A /* Frameworks */,
				916BE84D2CFB78B200E4E49A /* Resources */,
			);
			buildRules = (
			);
			dependencies = (
				916BE8512CFB78B200E4E49A /* PBXTargetDependency */,
			);
			name = MVC1Tests;
			productName = MVC1Tests;
			productReference = 916BE84F2CFB78B200E4E49A /* MVC1Tests.xctest */;
			productType = "com.apple.product-type.bundle.unit-test";
		};
		916BE8582CFB78B200E4E49A /* MVC1UITests */ = {
			isa = PBXNativeTarget;
			buildConfigurationList = 916BE8692CFB78B200E4E49A /* Build configuration list for PBXNativeTarget "MVC1UITests" */;
			buildPhases = (
				916BE8552CFB78B200E4E49A /* Sources */,
				916BE8562CFB78B200E4E49A /* Frameworks */,
				916BE8572CFB78B200E4E49A /* Resources */,
			);
			buildRules = (
			);
			dependencies = (
				916BE85B2CFB78B200E4E49A /* PBXTargetDependency */,
			);
			name = MVC1UITests;
			productName = MVC1UITests;
			productReference = 916BE8592CFB78B200E4E49A /* MVC1UITests.xctest */;
			productType = "com.apple.product-type.bundle.ui-testing";
		};
/* End PBXNativeTarget section */

/* Begin PBXProject section */
		916BE8312CFB78AF00E4E49A /* Project object */ = {
			isa = PBXProject;
			attributes = {
				BuildIndependentTargetsInParallel = 1;
				LastSwiftUpdateCheck = 1540;
				LastUpgradeCheck = 1540;
				TargetAttributes = {
					916BE8382CFB78AF00E4E49A = {
						CreatedOnToolsVersion = 15.4;
					};
					916BE84E2CFB78B200E4E49A = {
						CreatedOnToolsVersion = 15.4;
						TestTargetID = 916BE8382CFB78AF00E4E49A;
					};
					916BE8582CFB78B200E4E49A = {
						CreatedOnToolsVersion = 15.4;
						TestTargetID = 916BE8382CFB78AF00E4E49A;
					};
				};
			};
			buildConfigurationList = 916BE8342CFB78AF00E4E49A /* Build configuration list for PBXProject "MVC1" */;
			compatibilityVersion = "Xcode 14.0";
			developmentRegion = en;
			hasScannedForEncodings = 0;
			knownRegions = (
				en,
				Base,
			);
			mainGroup = 916BE8302CFB78AF00E4E49A;
			packageReferences = (
				916BE8822CFBFB7800E4E49A /* XCRemoteSwiftPackageReference "Kingfisher" */,
			);
			productRefGroup = 916BE83A2CFB78AF00E4E49A /* Products */;
			projectDirPath = "";
			projectRoot = "";
			targets = (
				916BE8382CFB78AF00E4E49A /* MVC1 */,
				916BE84E2CFB78B200E4E49A /* MVC1Tests */,
				916BE8582CFB78B200E4E49A /* MVC1UITests */,
			);
		};
/* End PBXProject section */

/* Begin PBXResourcesBuildPhase section */
		916BE8372CFB78AF00E4E49A /* Resources */ = {
			isa = PBXResourcesBuildPhase;
			buildActionMask = 2147483647;
			files = (
				916BE8462CFB78B100E4E49A /* Assets.xcassets in Resources */,
				916BE8492CFB78B100E4E49A /* Base in Resources */,
				916BE8442CFB78B000E4E49A /* Base in Resources */,
			);
			runOnlyForDeploymentPostprocessing = 0;
		};
		916BE84D2CFB78B200E4E49A /* Resources */ = {
			isa = PBXResourcesBuildPhase;
			buildActionMask = 2147483647;
			files = (
			);
			runOnlyForDeploymentPostprocessing = 0;
		};
		916BE8572CFB78B200E4E49A /* Resources */ = {
			isa = PBXResourcesBuildPhase;
			buildActionMask = 2147483647;
			files = (
			);
			runOnlyForDeploymentPostprocessing = 0;
		};
/* End PBXResourcesBuildPhase section */

/* Begin PBXSourcesBuildPhase section */
		916BE8352CFB78AF00E4E49A /* Sources */ = {
			isa = PBXSourcesBuildPhase;
			buildActionMask = 2147483647;
			files = (
				916BE87A2CFBB0BD00E4E49A /* ListOfCharactersTableViewDataSource.swift in Sources */,
				916BE8902CFC016D00E4E49A /* CharacterDetailViewController.swift in Sources */,
				916BE88E2CFC003200E4E49A /* CharacterDetailView.swift in Sources */,
				916BE8722CFB907000E4E49A /* CharacterModelResponse.swift in Sources */,
				916BE8412CFB78B000E4E49A /* CharactersListViewController.swift in Sources */,
				916BE8782CFB95AA00E4E49A /* CharacterListCellView.swift in Sources */,
				916BE83D2CFB78AF00E4E49A /* AppDelegate.swift in Sources */,
				916BE8872CFBFD3600E4E49A /* ListOfCharactersTableViewDelegate.swift in Sources */,
				916BE8742CFB90BE00E4E49A /* CharacterModel.swift in Sources */,
				916BE8762CFB92F200E4E49A /* CharactersListView.swift in Sources */,
				916BE83F2CFB78AF00E4E49A /* SceneDelegate.swift in Sources */,
				916BE8702CFB8EC200E4E49A /* ApiClient.swift in Sources */,
			);
			runOnlyForDeploymentPostprocessing = 0;
		};
		916BE84B2CFB78B200E4E49A /* Sources */ = {
			isa = PBXSourcesBuildPhase;
			buildActionMask = 2147483647;
			files = (
				916BE8542CFB78B200E4E49A /* MVC1Tests.swift in Sources */,
			);
			runOnlyForDeploymentPostprocessing = 0;
		};
		916BE8552CFB78B200E4E49A /* Sources */ = {
			isa = PBXSourcesBuildPhase;
			buildActionMask = 2147483647;
			files = (
				916BE85E2CFB78B200E4E49A /* MVC1UITests.swift in Sources */,
				916BE8602CFB78B200E4E49A /* MVC1UITestsLaunchTests.swift in Sources */,
			);
			runOnlyForDeploymentPostprocessing = 0;
		};
/* End PBXSourcesBuildPhase section */

/* Begin PBXTargetDependency section */
		916BE8512CFB78B200E4E49A /* PBXTargetDependency */ = {
			isa = PBXTargetDependency;
			target = 916BE8382CFB78AF00E4E49A /* MVC1 */;
			targetProxy = 916BE8502CFB78B200E4E49A /* PBXContainerItemProxy */;
		};
		916BE85B2CFB78B200E4E49A /* PBXTargetDependency */ = {
			isa = PBXTargetDependency;
			target = 916BE8382CFB78AF00E4E49A /* MVC1 */;
			targetProxy = 916BE85A2CFB78B200E4E49A /* PBXContainerItemProxy */;
		};
/* End PBXTargetDependency section */

/* Begin PBXVariantGroup section */
		916BE8422CFB78B000E4E49A /* Main.storyboard */ = {
			isa = PBXVariantGroup;
			children = (
				916BE8432CFB78B000E4E49A /* Base */,
			);
			name = Main.storyboard;
			sourceTree = "<group>";
		};
		916BE8472CFB78B100E4E49A /* LaunchScreen.storyboard */ = {
			isa = PBXVariantGroup;
			children = (
				916BE8482CFB78B100E4E49A /* Base */,
			);
			name = LaunchScreen.storyboard;
			sourceTree = "<group>";
		};
/* End PBXVariantGroup section */

/* Begin XCBuildConfiguration section */
		916BE8612CFB78B200E4E49A /* Debug */ = {
			isa = XCBuildConfiguration;
			buildSettings = {
				ALWAYS_SEARCH_USER_PATHS = NO;
				ASSETCATALOG_COMPILER_GENERATE_SWIFT_ASSET_SYMBOL_EXTENSIONS = YES;
				CLANG_ANALYZER_NONNULL = YES;
				CLANG_ANALYZER_NUMBER_OBJECT_CONVERSION = YES_AGGRESSIVE;
				CLANG_CXX_LANGUAGE_STANDARD = "gnu++20";
				CLANG_ENABLE_MODULES = YES;
				CLANG_ENABLE_OBJC_ARC = YES;
				CLANG_ENABLE_OBJC_WEAK = YES;
				CLANG_WARN_BLOCK_CAPTURE_AUTORELEASING = YES;
				CLANG_WARN_BOOL_CONVERSION = YES;
				CLANG_WARN_COMMA = YES;
				CLANG_WARN_CONSTANT_CONVERSION = YES;
				CLANG_WARN_DEPRECATED_OBJC_IMPLEMENTATIONS = YES;
				CLANG_WARN_DIRECT_OBJC_ISA_USAGE = YES_ERROR;
				CLANG_WARN_DOCUMENTATION_COMMENTS = YES;
				CLANG_WARN_EMPTY_BODY = YES;
				CLANG_WARN_ENUM_CONVERSION = YES;
				CLANG_WARN_INFINITE_RECURSION = YES;
				CLANG_WARN_INT_CONVERSION = YES;
				CLANG_WARN_NON_LITERAL_NULL_CONVERSION = YES;
				CLANG_WARN_OBJC_IMPLICIT_RETAIN_SELF = YES;
				CLANG_WARN_OBJC_LITERAL_CONVERSION = YES;
				CLANG_WARN_OBJC_ROOT_CLASS = YES_ERROR;
				CLANG_WARN_QUOTED_INCLUDE_IN_FRAMEWORK_HEADER = YES;
				CLANG_WARN_RANGE_LOOP_ANALYSIS = YES;
				CLANG_WARN_STRICT_PROTOTYPES = YES;
				CLANG_WARN_SUSPICIOUS_MOVE = YES;
				CLANG_WARN_UNGUARDED_AVAILABILITY = YES_AGGRESSIVE;
				CLANG_WARN_UNREACHABLE_CODE = YES;
				CLANG_WARN__DUPLICATE_METHOD_MATCH = YES;
				COPY_PHASE_STRIP = NO;
				DEBUG_INFORMATION_FORMAT = dwarf;
				ENABLE_STRICT_OBJC_MSGSEND = YES;
				ENABLE_TESTABILITY = YES;
				ENABLE_USER_SCRIPT_SANDBOXING = YES;
				GCC_C_LANGUAGE_STANDARD = gnu17;
				GCC_DYNAMIC_NO_PIC = NO;
				GCC_NO_COMMON_BLOCKS = YES;
				GCC_OPTIMIZATION_LEVEL = 0;
				GCC_PREPROCESSOR_DEFINITIONS = (
					"DEBUG=1",
					"$(inherited)",
				);
				GCC_WARN_64_TO_32_BIT_CONVERSION = YES;
				GCC_WARN_ABOUT_RETURN_TYPE = YES_ERROR;
				GCC_WARN_UNDECLARED_SELECTOR = YES;
				GCC_WARN_UNINITIALIZED_AUTOS = YES_AGGRESSIVE;
				GCC_WARN_UNUSED_FUNCTION = YES;
				GCC_WARN_UNUSED_VARIABLE = YES;
				IPHONEOS_DEPLOYMENT_TARGET = 16.0;
				LOCALIZATION_PREFERS_STRING_CATALOGS = YES;
				MTL_ENABLE_DEBUG_INFO = INCLUDE_SOURCE;
				MTL_FAST_MATH = YES;
				ONLY_ACTIVE_ARCH = YES;
				SDKROOT = iphoneos;
				SWIFT_ACTIVE_COMPILATION_CONDITIONS = "DEBUG $(inherited)";
				SWIFT_OPTIMIZATION_LEVEL = "-Onone";
			};
			name = Debug;
		};
		916BE8622CFB78B200E4E49A /* Release */ = {
			isa = XCBuildConfiguration;
			buildSettings = {
				ALWAYS_SEARCH_USER_PATHS = NO;
				ASSETCATALOG_COMPILER_GENERATE_SWIFT_ASSET_SYMBOL_EXTENSIONS = YES;
				CLANG_ANALYZER_NONNULL = YES;
				CLANG_ANALYZER_NUMBER_OBJECT_CONVERSION = YES_AGGRESSIVE;
				CLANG_CXX_LANGUAGE_STANDARD = "gnu++20";
				CLANG_ENABLE_MODULES = YES;
				CLANG_ENABLE_OBJC_ARC = YES;
				CLANG_ENABLE_OBJC_WEAK = YES;
				CLANG_WARN_BLOCK_CAPTURE_AUTORELEASING = YES;
				CLANG_WARN_BOOL_CONVERSION = YES;
				CLANG_WARN_COMMA = YES;
				CLANG_WARN_CONSTANT_CONVERSION = YES;
				CLANG_WARN_DEPRECATED_OBJC_IMPLEMENTATIONS = YES;
				CLANG_WARN_DIRECT_OBJC_ISA_USAGE = YES_ERROR;
				CLANG_WARN_DOCUMENTATION_COMMENTS = YES;
				CLANG_WARN_EMPTY_BODY = YES;
				CLANG_WARN_ENUM_CONVERSION = YES;
				CLANG_WARN_INFINITE_RECURSION = YES;
				CLANG_WARN_INT_CONVERSION = YES;
				CLANG_WARN_NON_LITERAL_NULL_CONVERSION = YES;
				CLANG_WARN_OBJC_IMPLICIT_RETAIN_SELF = YES;
				CLANG_WARN_OBJC_LITERAL_CONVERSION = YES;
				CLANG_WARN_OBJC_ROOT_CLASS = YES_ERROR;
				CLANG_WARN_QUOTED_INCLUDE_IN_FRAMEWORK_HEADER = YES;
				CLANG_WARN_RANGE_LOOP_ANALYSIS = YES;
				CLANG_WARN_STRICT_PROTOTYPES = YES;
				CLANG_WARN_SUSPICIOUS_MOVE = YES;
				CLANG_WARN_UNGUARDED_AVAILABILITY = YES_AGGRESSIVE;
				CLANG_WARN_UNREACHABLE_CODE = YES;
				CLANG_WARN__DUPLICATE_METHOD_MATCH = YES;
				COPY_PHASE_STRIP = NO;
				DEBUG_INFORMATION_FORMAT = "dwarf-with-dsym";
				ENABLE_NS_ASSERTIONS = NO;
				ENABLE_STRICT_OBJC_MSGSEND = YES;
				ENABLE_USER_SCRIPT_SANDBOXING = YES;
				GCC_C_LANGUAGE_STANDARD = gnu17;
				GCC_NO_COMMON_BLOCKS = YES;
				GCC_WARN_64_TO_32_BIT_CONVERSION = YES;
				GCC_WARN_ABOUT_RETURN_TYPE = YES_ERROR;
				GCC_WARN_UNDECLARED_SELECTOR = YES;
				GCC_WARN_UNINITIALIZED_AUTOS = YES_AGGRESSIVE;
				GCC_WARN_UNUSED_FUNCTION = YES;
				GCC_WARN_UNUSED_VARIABLE = YES;
				IPHONEOS_DEPLOYMENT_TARGET = 16.0;
				LOCALIZATION_PREFERS_STRING_CATALOGS = YES;
				MTL_ENABLE_DEBUG_INFO = NO;
				MTL_FAST_MATH = YES;
				SDKROOT = iphoneos;
				SWIFT_COMPILATION_MODE = wholemodule;
				VALIDATE_PRODUCT = YES;
			};
			name = Release;
		};
		916BE8642CFB78B200E4E49A /* Debug */ = {
			isa = XCBuildConfiguration;
			buildSettings = {
				ASSETCATALOG_COMPILER_APPICON_NAME = AppIcon;
				ASSETCATALOG_COMPILER_GLOBAL_ACCENT_COLOR_NAME = AccentColor;
				CODE_SIGN_STYLE = Automatic;
				CURRENT_PROJECT_VERSION = 1;
				DEVELOPMENT_TEAM = F4H6VZY634;
				GENERATE_INFOPLIST_FILE = YES;
				INFOPLIST_FILE = MVC1/Info.plist;
				INFOPLIST_KEY_UIApplicationSupportsIndirectInputEvents = YES;
				INFOPLIST_KEY_UILaunchStoryboardName = LaunchScreen;
				INFOPLIST_KEY_UIMainStoryboardFile = Main;
				INFOPLIST_KEY_UISupportedInterfaceOrientations_iPad = "UIInterfaceOrientationPortrait UIInterfaceOrientationPortraitUpsideDown UIInterfaceOrientationLandscapeLeft UIInterfaceOrientationLandscapeRight";
				INFOPLIST_KEY_UISupportedInterfaceOrientations_iPhone = "UIInterfaceOrientationPortrait UIInterfaceOrientationLandscapeLeft UIInterfaceOrientationLandscapeRight";
				IPHONEOS_DEPLOYMENT_TARGET = 16.0;
				LD_RUNPATH_SEARCH_PATHS = (
					"$(inherited)",
					"@executable_path/Frameworks",
				);
				MARKETING_VERSION = 1.0;
				PRODUCT_BUNDLE_IDENTIFIER = test.MVC1;
				PRODUCT_NAME = "$(TARGET_NAME)";
				SWIFT_EMIT_LOC_STRINGS = YES;
				SWIFT_VERSION = 5.0;
				TARGETED_DEVICE_FAMILY = "1,2";
			};
			name = Debug;
		};
		916BE8652CFB78B200E4E49A /* Release */ = {
			isa = XCBuildConfiguration;
			buildSettings = {
				ASSETCATALOG_COMPILER_APPICON_NAME = AppIcon;
				ASSETCATALOG_COMPILER_GLOBAL_ACCENT_COLOR_NAME = AccentColor;
				CODE_SIGN_STYLE = Automatic;
				CURRENT_PROJECT_VERSION = 1;
				DEVELOPMENT_TEAM = F4H6VZY634;
				GENERATE_INFOPLIST_FILE = YES;
				INFOPLIST_FILE = MVC1/Info.plist;
				INFOPLIST_KEY_UIApplicationSupportsIndirectInputEvents = YES;
				INFOPLIST_KEY_UILaunchStoryboardName = LaunchScreen;
				INFOPLIST_KEY_UIMainStoryboardFile = Main;
				INFOPLIST_KEY_UISupportedInterfaceOrientations_iPad = "UIInterfaceOrientationPortrait UIInterfaceOrientationPortraitUpsideDown UIInterfaceOrientationLandscapeLeft UIInterfaceOrientationLandscapeRight";
				INFOPLIST_KEY_UISupportedInterfaceOrientations_iPhone = "UIInterfaceOrientationPortrait UIInterfaceOrientationLandscapeLeft UIInterfaceOrientationLandscapeRight";
				IPHONEOS_DEPLOYMENT_TARGET = 16.0;
				LD_RUNPATH_SEARCH_PATHS = (
					"$(inherited)",
					"@executable_path/Frameworks",
				);
				MARKETING_VERSION = 1.0;
				PRODUCT_BUNDLE_IDENTIFIER = test.MVC1;
				PRODUCT_NAME = "$(TARGET_NAME)";
				SWIFT_EMIT_LOC_STRINGS = YES;
				SWIFT_VERSION = 5.0;
				TARGETED_DEVICE_FAMILY = "1,2";
			};
			name = Release;
		};
		916BE8672CFB78B200E4E49A /* Debug */ = {
			isa = XCBuildConfiguration;
			buildSettings = {
				ALWAYS_EMBED_SWIFT_STANDARD_LIBRARIES = YES;
				BUNDLE_LOADER = "$(TEST_HOST)";
				CODE_SIGN_STYLE = Automatic;
				CURRENT_PROJECT_VERSION = 1;
				DEVELOPMENT_TEAM = F4H6VZY634;
				GENERATE_INFOPLIST_FILE = YES;
				IPHONEOS_DEPLOYMENT_TARGET = 17.5;
				MARKETING_VERSION = 1.0;
				PRODUCT_BUNDLE_IDENTIFIER = test.MVC1Tests;
				PRODUCT_NAME = "$(TARGET_NAME)";
				SWIFT_EMIT_LOC_STRINGS = NO;
				SWIFT_VERSION = 5.0;
				TARGETED_DEVICE_FAMILY = "1,2";
				TEST_HOST = "$(BUILT_PRODUCTS_DIR)/MVC1.app/$(BUNDLE_EXECUTABLE_FOLDER_PATH)/MVC1";
			};
			name = Debug;
		};
		916BE8682CFB78B200E4E49A /* Release */ = {
			isa = XCBuildConfiguration;
			buildSettings = {
				ALWAYS_EMBED_SWIFT_STANDARD_LIBRARIES = YES;
				BUNDLE_LOADER = "$(TEST_HOST)";
				CODE_SIGN_STYLE = Automatic;
				CURRENT_PROJECT_VERSION = 1;
				DEVELOPMENT_TEAM = F4H6VZY634;
				GENERATE_INFOPLIST_FILE = YES;
				IPHONEOS_DEPLOYMENT_TARGET = 17.5;
				MARKETING_VERSION = 1.0;
				PRODUCT_BUNDLE_IDENTIFIER = test.MVC1Tests;
				PRODUCT_NAME = "$(TARGET_NAME)";
				SWIFT_EMIT_LOC_STRINGS = NO;
				SWIFT_VERSION = 5.0;
				TARGETED_DEVICE_FAMILY = "1,2";
				TEST_HOST = "$(BUILT_PRODUCTS_DIR)/MVC1.app/$(BUNDLE_EXECUTABLE_FOLDER_PATH)/MVC1";
			};
			name = Release;
		};
		916BE86A2CFB78B200E4E49A /* Debug */ = {
			isa = XCBuildConfiguration;
			buildSettings = {
				ALWAYS_EMBED_SWIFT_STANDARD_LIBRARIES = YES;
				CODE_SIGN_STYLE = Automatic;
				CURRENT_PROJECT_VERSION = 1;
				DEVELOPMENT_TEAM = F4H6VZY634;
				GENERATE_INFOPLIST_FILE = YES;
				MARKETING_VERSION = 1.0;
				PRODUCT_BUNDLE_IDENTIFIER = test.MVC1UITests;
				PRODUCT_NAME = "$(TARGET_NAME)";
				SWIFT_EMIT_LOC_STRINGS = NO;
				SWIFT_VERSION = 5.0;
				TARGETED_DEVICE_FAMILY = "1,2";
				TEST_TARGET_NAME = MVC1;
			};
			name = Debug;
		};
		916BE86B2CFB78B200E4E49A /* Release */ = {
			isa = XCBuildConfiguration;
			buildSettings = {
				ALWAYS_EMBED_SWIFT_STANDARD_LIBRARIES = YES;
				CODE_SIGN_STYLE = Automatic;
				CURRENT_PROJECT_VERSION = 1;
				DEVELOPMENT_TEAM = F4H6VZY634;
				GENERATE_INFOPLIST_FILE = YES;
				MARKETING_VERSION = 1.0;
				PRODUCT_BUNDLE_IDENTIFIER = test.MVC1UITests;
				PRODUCT_NAME = "$(TARGET_NAME)";
				SWIFT_EMIT_LOC_STRINGS = NO;
				SWIFT_VERSION = 5.0;
				TARGETED_DEVICE_FAMILY = "1,2";
				TEST_TARGET_NAME = MVC1;
			};
			name = Release;
		};
/* End XCBuildConfiguration section */

/* Begin XCConfigurationList section */
		916BE8342CFB78AF00E4E49A /* Build configuration list for PBXProject "MVC1" */ = {
			isa = XCConfigurationList;
			buildConfigurations = (
				916BE8612CFB78B200E4E49A /* Debug */,
				916BE8622CFB78B200E4E49A /* Release */,
			);
			defaultConfigurationIsVisible = 0;
			defaultConfigurationName = Release;
		};
		916BE8632CFB78B200E4E49A /* Build configuration list for PBXNativeTarget "MVC1" */ = {
			isa = XCConfigurationList;
			buildConfigurations = (
				916BE8642CFB78B200E4E49A /* Debug */,
				916BE8652CFB78B200E4E49A /* Release */,
			);
			defaultConfigurationIsVisible = 0;
			defaultConfigurationName = Release;
		};
		916BE8662CFB78B200E4E49A /* Build configuration list for PBXNativeTarget "MVC1Tests" */ = {
			isa = XCConfigurationList;
			buildConfigurations = (
				916BE8672CFB78B200E4E49A /* Debug */,
				916BE8682CFB78B200E4E49A /* Release */,
			);
			defaultConfigurationIsVisible = 0;
			defaultConfigurationName = Release;
		};
		916BE8692CFB78B200E4E49A /* Build configuration list for PBXNativeTarget "MVC1UITests" */ = {
			isa = XCConfigurationList;
			buildConfigurations = (
				916BE86A2CFB78B200E4E49A /* Debug */,
				916BE86B2CFB78B200E4E49A /* Release */,
			);
			defaultConfigurationIsVisible = 0;
			defaultConfigurationName = Release;
		};
/* End XCConfigurationList section */

/* Begin XCRemoteSwiftPackageReference section */
		916BE8822CFBFB7800E4E49A /* XCRemoteSwiftPackageReference "Kingfisher" */ = {
			isa = XCRemoteSwiftPackageReference;
			repositoryURL = "https://github.com/onevcat/Kingfisher.git";
			requirement = {
				kind = upToNextMajorVersion;
				minimumVersion = 8.1.1;
			};
		};
/* End XCRemoteSwiftPackageReference section */

/* Begin XCSwiftPackageProductDependency section */
		916BE8842CFBFB8400E4E49A /* Kingfisher */ = {
			isa = XCSwiftPackageProductDependency;
			package = 916BE8822CFBFB7800E4E49A /* XCRemoteSwiftPackageReference "Kingfisher" */;
			productName = Kingfisher;
		};
/* End XCSwiftPackageProductDependency section */
	};
	rootObject = 916BE8312CFB78AF00E4E49A /* Project object */;
}
